// !$*UTF8*$!
{
	archiveVersion = 1;
	classes = {
	};
	objectVersion = 50;
	objects = {

/* Begin PBXBuildFile section */
		A613CFD225E0E8AA00EA82F3 /* AppDelegate.swift in Sources */ = {isa = PBXBuildFile; fileRef = A613CFD125E0E8AA00EA82F3 /* AppDelegate.swift */; };
		A613CFD425E0E8AA00EA82F3 /* SceneDelegate.swift in Sources */ = {isa = PBXBuildFile; fileRef = A613CFD325E0E8AA00EA82F3 /* SceneDelegate.swift */; };
		A613CFD625E0E8AA00EA82F3 /* ViewController.swift in Sources */ = {isa = PBXBuildFile; fileRef = A613CFD525E0E8AA00EA82F3 /* ViewController.swift */; };
		A613CFD925E0E8AA00EA82F3 /* Main.storyboard in Resources */ = {isa = PBXBuildFile; fileRef = A613CFD725E0E8AA00EA82F3 /* Main.storyboard */; };
		A613CFDB25E0E8AD00EA82F3 /* Assets.xcassets in Resources */ = {isa = PBXBuildFile; fileRef = A613CFDA25E0E8AD00EA82F3 /* Assets.xcassets */; };
		A613CFDE25E0E8AD00EA82F3 /* LaunchScreen.storyboard in Resources */ = {isa = PBXBuildFile; fileRef = A613CFDC25E0E8AD00EA82F3 /* LaunchScreen.storyboard */; };
		A623A29125E1BBEF00816037 /* TestClass.swift in Sources */ = {isa = PBXBuildFile; fileRef = A623A29025E1BBEF00816037 /* TestClass.swift */; };
/* End PBXBuildFile section */

/* Begin PBXFileReference section */
		A613CFCE25E0E8AA00EA82F3 /* testingProject.app */ = {isa = PBXFileReference; explicitFileType = wrapper.application; includeInIndex = 0; path = testingProject.app; sourceTree = BUILT_PRODUCTS_DIR; };
		A613CFD125E0E8AA00EA82F3 /* AppDelegate.swift */ = {isa = PBXFileReference; lastKnownFileType = sourcecode.swift; path = AppDelegate.swift; sourceTree = "<group>"; };
		A613CFD325E0E8AA00EA82F3 /* SceneDelegate.swift */ = {isa = PBXFileReference; lastKnownFileType = sourcecode.swift; path = SceneDelegate.swift; sourceTree = "<group>"; };
		A613CFD525E0E8AA00EA82F3 /* ViewController.swift */ = {isa = PBXFileReference; lastKnownFileType = sourcecode.swift; path = ViewController.swift; sourceTree = "<group>"; };
		A613CFD825E0E8AA00EA82F3 /* Base */ = {isa = PBXFileReference; lastKnownFileType = file.storyboard; name = Base; path = Base.lproj/Main.storyboard; sourceTree = "<group>"; };
		A613CFDA25E0E8AD00EA82F3 /* Assets.xcassets */ = {isa = PBXFileReference; lastKnownFileType = folder.assetcatalog; path = Assets.xcassets; sourceTree = "<group>"; };
		A613CFDD25E0E8AD00EA82F3 /* Base */ = {isa = PBXFileReference; lastKnownFileType = file.storyboard; name = Base; path = Base.lproj/LaunchScreen.storyboard; sourceTree = "<group>"; };
		A613CFDF25E0E8AD00EA82F3 /* Info.plist */ = {isa = PBXFileReference; lastKnownFileType = text.plist.xml; path = Info.plist; sourceTree = "<group>"; };
		A623A29025E1BBEF00816037 /* TestClass.swift */ = {isa = PBXFileReference; lastKnownFileType = sourcecode.swift; path = TestClass.swift; sourceTree = "<group>"; };
/* End PBXFileReference section */

/* Begin PBXFrameworksBuildPhase section */
		A613CFCB25E0E8A900EA82F3 /* Frameworks */ = {
			isa = PBXFrameworksBuildPhase;
			buildActionMask = 2147483647;
			files = (
			);
			runOnlyForDeploymentPostprocessing = 0;
		};
/* End PBXFrameworksBuildPhase section */

/* Begin PBXGroup section */
		A613CFC525E0E8A900EA82F3 = {
			isa = PBXGroup;
			children = (
				A613CFD025E0E8AA00EA82F3 /* testingProject */,
				A613CFCF25E0E8AA00EA82F3 /* Products */,
			);
			sourceTree = "<group>";
		};
		A613CFCF25E0E8AA00EA82F3 /* Products */ = {
			isa = PBXGroup;
			children = (
				A613CFCE25E0E8AA00EA82F3 /* testingProject.app */,
			);
			name = Products;
			sourceTree = "<group>";
		};
		A613CFD025E0E8AA00EA82F3 /* testingProject */ = {
			isa = PBXGroup;
			children = (
				A613CFD125E0E8AA00EA82F3 /* AppDelegate.swift */,
				A613CFD325E0E8AA00EA82F3 /* SceneDelegate.swift */,
				A613CFD525E0E8AA00EA82F3 /* ViewController.swift */,
				A613CFD725E0E8AA00EA82F3 /* Main.storyboard */,
				A613CFDA25E0E8AD00EA82F3 /* Assets.xcassets */,
				A613CFDC25E0E8AD00EA82F3 /* LaunchScreen.storyboard */,
				A613CFDF25E0E8AD00EA82F3 /* Info.plist */,
				A623A29025E1BBEF00816037 /* TestClass.swift */,
			);
			path = testingProject;
			sourceTree = "<group>";
		};
/* End PBXGroup section */

/* Begin PBXNativeTarget section */
		A613CFCD25E0E8A900EA82F3 /* testingProject */ = {
			isa = PBXNativeTarget;
			buildConfigurationList = A613CFE225E0E8AD00EA82F3 /* Build configuration list for PBXNativeTarget "testingProject" */;
			buildPhases = (
				A613CFCA25E0E8A900EA82F3 /* Sources */,
				A613CFCB25E0E8A900EA82F3 /* Frameworks */,
				A613CFCC25E0E8A900EA82F3 /* Resources */,
			);
			buildRules = (
			);
			dependencies = (
			);
			name = testingProject;
			productName = testingProject;
			productReference = A613CFCE25E0E8AA00EA82F3 /* testingProject.app */;
			productType = "com.apple.product-type.application";
		};
/* End PBXNativeTarget section */

/* Begin PBXProject section */
		A613CFC625E0E8A900EA82F3 /* Project object */ = {
			isa = PBXProject;
			attributes = {
				LastSwiftUpdateCheck = 1230;
				LastUpgradeCheck = 1230;
				TargetAttributes = {
					A613CFCD25E0E8A900EA82F3 = {
						CreatedOnToolsVersion = 12.3;
					};
				};
			};
			buildConfigurationList = A613CFC925E0E8A900EA82F3 /* Build configuration list for PBXProject "testingProject" */;
			compatibilityVersion = "Xcode 9.3";
			developmentRegion = en;
			hasScannedForEncodings = 0;
			knownRegions = (
				en,
				Base,
			);
			mainGroup = A613CFC525E0E8A900EA82F3;
			productRefGroup = A613CFCF25E0E8AA00EA82F3 /* Products */;
			projectDirPath = "";
			projectRoot = "";
			targets = (
				A613CFCD25E0E8A900EA82F3 /* testingProject */,
			);
		};
/* End PBXProject section */

/* Begin PBXResourcesBuildPhase section */
		A613CFCC25E0E8A900EA82F3 /* Resources */ = {
			isa = PBXResourcesBuildPhase;
			buildActionMask = 2147483647;
			files = (
				A613CFDE25E0E8AD00EA82F3 /* LaunchScreen.storyboard in Resources */,
				A613CFDB25E0E8AD00EA82F3 /* Assets.xcassets in Resources */,
				A613CFD925E0E8AA00EA82F3 /* Main.storyboard in Resources */,
			);
			runOnlyForDeploymentPostprocessing = 0;
		};
/* End PBXResourcesBuildPhase section */

/* Begin PBXSourcesBuildPhase section */
		A613CFCA25E0E8A900EA82F3 /* Sources */ = {
			isa = PBXSourcesBuildPhase;
			buildActionMask = 2147483647;
			files = (
				A623A29125E1BBEF00816037 /* TestClass.swift in Sources */,
				A613CFD625E0E8AA00EA82F3 /* ViewController.swift in Sources */,
				A613CFD225E0E8AA00EA82F3 /* AppDelegate.swift in Sources */,
				A613CFD425E0E8AA00EA82F3 /* SceneDelegate.swift in Sources */,
			);
			runOnlyForDeploymentPostprocessing = 0;
		};
/* End PBXSourcesBuildPhase section */

/* Begin PBXVariantGroup section */
		A613CFD725E0E8AA00EA82F3 /* Main.storyboard */ = {
			isa = PBXVariantGroup;
			children = (
				A613CFD825E0E8AA00EA82F3 /* Base */,
			);
			name = Main.storyboard;
			sourceTree = "<group>";
		};
		A613CFDC25E0E8AD00EA82F3 /* LaunchScreen.storyboard */ = {
			isa = PBXVariantGroup;
			children = (
				A613CFDD25E0E8AD00EA82F3 /* Base */,
			);
			name = LaunchScreen.storyboard;
			sourceTree = "<group>";
		};
/* End PBXVariantGroup section */

/* Begin XCBuildConfiguration section */
		A613CFE025E0E8AD00EA82F3 /* Debug */ = {
			isa = XCBuildConfiguration;
			buildSettings = {
				ALWAYS_SEARCH_USER_PATHS = NO;
				CLANG_ANALYZER_NONNULL = YES;
				CLANG_ANALYZER_NUMBER_OBJECT_CONVERSION = YES_AGGRESSIVE;
				CLANG_CXX_LANGUAGE_STANDARD = "gnu++14";
				CLANG_CXX_LIBRARY = "libc++";
				CLANG_ENABLE_MODULES = YES;
				CLANG_ENABLE_OBJC_ARC = YES;
				CLANG_ENABLE_OBJC_WEAK = YES;
				CLANG_WARN_BLOCK_CAPTURE_AUTORELEASING = YES;
				CLANG_WARN_BOOL_CONVERSION = YES;
				CLANG_WARN_COMMA = YES;
				CLANG_WARN_CONSTANT_CONVERSION = YES;
				CLANG_WARN_DEPRECATED_OBJC_IMPLEMENTATIONS = YES;
				CLANG_WARN_DIRECT_OBJC_ISA_USAGE = YES_ERROR;
				CLANG_WARN_DOCUMENTATION_COMMENTS = YES;
				CLANG_WARN_EMPTY_BODY = YES;
				CLANG_WARN_ENUM_CONVERSION = YES;
				CLANG_WARN_INFINITE_RECURSION = YES;
				CLANG_WARN_INT_CONVERSION = YES;
				CLANG_WARN_NON_LITERAL_NULL_CONVERSION = YES;
				CLANG_WARN_OBJC_IMPLICIT_RETAIN_SELF = YES;
				CLANG_WARN_OBJC_LITERAL_CONVERSION = YES;
				CLANG_WARN_OBJC_ROOT_CLASS = YES_ERROR;
				CLANG_WARN_QUOTED_INCLUDE_IN_FRAMEWORK_HEADER = YES;
				CLANG_WARN_RANGE_LOOP_ANALYSIS = YES;
				CLANG_WARN_STRICT_PROTOTYPES = YES;
				CLANG_WARN_SUSPICIOUS_MOVE = YES;
				CLANG_WARN_UNGUARDED_AVAILABILITY = YES_AGGRESSIVE;
				CLANG_WARN_UNREACHABLE_CODE = YES;
				CLANG_WARN__DUPLICATE_METHOD_MATCH = YES;
				COPY_PHASE_STRIP = NO;
				DEBUG_INFORMATION_FORMAT = dwarf;
				ENABLE_STRICT_OBJC_MSGSEND = YES;
				ENABLE_TESTABILITY = YES;
				GCC_C_LANGUAGE_STANDARD = gnu11;
				GCC_DYNAMIC_NO_PIC = NO;
				GCC_NO_COMMON_BLOCKS = YES;
				GCC_OPTIMIZATION_LEVEL = 0;
				GCC_PREPROCESSOR_DEFINITIONS = (
					"DEBUG=1",
					"$(inherited)",
				);
				GCC_WARN_64_TO_32_BIT_CONVERSION = YES;
				GCC_WARN_ABOUT_RETURN_TYPE = YES_ERROR;
				GCC_WARN_UNDECLARED_SELECTOR = YES;
				GCC_WARN_UNINITIALIZED_AUTOS = YES_AGGRESSIVE;
				GCC_WARN_UNUSED_FUNCTION = YES;
				GCC_WARN_UNUSED_VARIABLE = YES;
				IPHONEOS_DEPLOYMENT_TARGET = 14.3;
				MTL_ENABLE_DEBUG_INFO = INCLUDE_SOURCE;
				MTL_FAST_MATH = YES;
				ONLY_ACTIVE_ARCH = YES;
				SDKROOT = iphoneos;
				SWIFT_ACTIVE_COMPILATION_CONDITIONS = DEBUG;
				SWIFT_OPTIMIZATION_LEVEL = "-Onone";
			};
			name = Debug;
		};
		A613CFE125E0E8AD00EA82F3 /* Release */ = {
			isa = XCBuildConfiguration;
			buildSettings = {
				ALWAYS_SEARCH_USER_PATHS = NO;
				CLANG_ANALYZER_NONNULL = YES;
				CLANG_ANALYZER_NUMBER_OBJECT_CONVERSION = YES_AGGRESSIVE;
				CLANG_CXX_LANGUAGE_STANDARD = "gnu++14";
				CLANG_CXX_LIBRARY = "libc++";
				CLANG_ENABLE_MODULES = YES;
				CLANG_ENABLE_OBJC_ARC = YES;
				CLANG_ENABLE_OBJC_WEAK = YES;
				CLANG_WARN_BLOCK_CAPTURE_AUTORELEASING = YES;
				CLANG_WARN_BOOL_CONVERSION = YES;
				CLANG_WARN_COMMA = YES;
				CLANG_WARN_CONSTANT_CONVERSION = YES;
				CLANG_WARN_DEPRECATED_OBJC_IMPLEMENTATIONS = YES;
				CLANG_WARN_DIRECT_OBJC_ISA_USAGE = YES_ERROR;
				CLANG_WARN_DOCUMENTATION_COMMENTS = YES;
				CLANG_WARN_EMPTY_BODY = YES;
				CLANG_WARN_ENUM_CONVERSION = YES;
				CLANG_WARN_INFINITE_RECURSION = YES;
				CLANG_WARN_INT_CONVERSION = YES;
				CLANG_WARN_NON_LITERAL_NULL_CONVERSION = YES;
				CLANG_WARN_OBJC_IMPLICIT_RETAIN_SELF = YES;
				CLANG_WARN_OBJC_LITERAL_CONVERSION = YES;
				CLANG_WARN_OBJC_ROOT_CLASS = YES_ERROR;
				CLANG_WARN_QUOTED_INCLUDE_IN_FRAMEWORK_HEADER = YES;
				CLANG_WARN_RANGE_LOOP_ANALYSIS = YES;
				CLANG_WARN_STRICT_PROTOTYPES = YES;
				CLANG_WARN_SUSPICIOUS_MOVE = YES;
				CLANG_WARN_UNGUARDED_AVAILABILITY = YES_AGGRESSIVE;
				CLANG_WARN_UNREACHABLE_CODE = YES;
				CLANG_WARN__DUPLICATE_METHOD_MATCH = YES;
				COPY_PHASE_STRIP = NO;
				DEBUG_INFORMATION_FORMAT = "dwarf-with-dsym";
				ENABLE_NS_ASSERTIONS = NO;
				ENABLE_STRICT_OBJC_MSGSEND = YES;
				GCC_C_LANGUAGE_STANDARD = gnu11;
				GCC_NO_COMMON_BLOCKS = YES;
				GCC_WARN_64_TO_32_BIT_CONVERSION = YES;
				GCC_WARN_ABOUT_RETURN_TYPE = YES_ERROR;
				GCC_WARN_UNDECLARED_SELECTOR = YES;
				GCC_WARN_UNINITIALIZED_AUTOS = YES_AGGRESSIVE;
				GCC_WARN_UNUSED_FUNCTION = YES;
				GCC_WARN_UNUSED_VARIABLE = YES;
				IPHONEOS_DEPLOYMENT_TARGET = 14.3;
				MTL_ENABLE_DEBUG_INFO = NO;
				MTL_FAST_MATH = YES;
				SDKROOT = iphoneos;
				SWIFT_COMPILATION_MODE = wholemodule;
				SWIFT_OPTIMIZATION_LEVEL = "-O";
				VALIDATE_PRODUCT = YES;
			};
			name = Release;
		};
		A613CFE325E0E8AD00EA82F3 /* Debug */ = {
			isa = XCBuildConfiguration;
			buildSettings = {
				ASSETCATALOG_COMPILER_APPICON_NAME = AppIcon;
				ASSETCATALOG_COMPILER_GLOBAL_ACCENT_COLOR_NAME = AccentColor;
				CODE_SIGN_STYLE = Automatic;
				INFOPLIST_FILE = testingProject/Info.plist;
				LD_RUNPATH_SEARCH_PATHS = (
					"$(inherited)",
					"@executable_path/Frameworks",
				);
				PRODUCT_BUNDLE_IDENTIFIER = ElijahCaluya.testingProject;
				PRODUCT_NAME = "$(TARGET_NAME)";
				SWIFT_VERSION = 5.0;
				TARGETED_DEVICE_FAMILY = "1,2";
			};
			name = Debug;
		};
		A613CFE425E0E8AD00EA82F3 /* Release */ = {
			isa = XCBuildConfiguration;
			buildSettings = {
				ASSETCATALOG_COMPILER_APPICON_NAME = AppIcon;
				ASSETCATALOG_COMPILER_GLOBAL_ACCENT_COLOR_NAME = AccentColor;
				CODE_SIGN_STYLE = Automatic;
				INFOPLIST_FILE = testingProject/Info.plist;
				LD_RUNPATH_SEARCH_PATHS = (
					"$(inherited)",
					"@executable_path/Frameworks",
				);
				PRODUCT_BUNDLE_IDENTIFIER = ElijahCaluya.testingProject;
				PRODUCT_NAME = "$(TARGET_NAME)";
				SWIFT_VERSION = 5.0;
				TARGETED_DEVICE_FAMILY = "1,2";
			};
			name = Release;
		};
/* End XCBuildConfiguration section */

/* Begin XCConfigurationList section */
		A613CFC925E0E8A900EA82F3 /* Build configuration list for PBXProject "testingProject" */ = {
			isa = XCConfigurationList;
			buildConfigurations = (
				A613CFE025E0E8AD00EA82F3 /* Debug */,
				A613CFE125E0E8AD00EA82F3 /* Release */,
			);
			defaultConfigurationIsVisible = 0;
			defaultConfigurationName = Release;
		};
		A613CFE225E0E8AD00EA82F3 /* Build configuration list for PBXNativeTarget "testingProject" */ = {
			isa = XCConfigurationList;
			buildConfigurations = (
				A613CFE325E0E8AD00EA82F3 /* Debug */,
				A613CFE425E0E8AD00EA82F3 /* Release */,
			);
			defaultConfigurationIsVisible = 0;
			defaultConfigurationName = Release;
		};
/* End XCConfigurationList section */
	};
	rootObject = A613CFC625E0E8A900EA82F3 /* Project object */;
}
